
Microsoft Visual Studio Solution File, Format Version 12.00
# Visual Studio Version 17
VisualStudioVersion = 17.5.33516.290
MinimumVisualStudioVersion = 10.0.40219.1
Project("{FAE04EC0-301F-11D3-BF4B-00C04F79EFBC}") = "hardwareinfo", "hardwareinfo\hardwareinfo.csproj", "{86005D1C-D8E6-48F3-90F2-5006C45C49DC}"
EndProject
Global
	GlobalSection(SolutionConfigurationPlatforms) = preSolution
		Debug|Any CPU = Debug|Any CPU
		Release|Any CPU = Release|Any CPU
	EndGlobalSection
	GlobalSection(ProjectConfigurationPlatforms) = postSolution
		{86005D1C-D8E6-48F3-90F2-5006C45C49DC}.Debug|Any CPU.ActiveCfg = Debug|Any CPU
		{86005D1C-D8E6-48F3-90F2-5006C45C49DC}.Debug|Any CPU.Build.0 = Debug|Any CPU
		{86005D1C-D8E6-48F3-90F2-5006C45C49DC}.Release|Any CPU.ActiveCfg = Release|Any CPU
		{86005D1C-D8E6-48F3-90F2-5006C45C49DC}.Release|Any CPU.Build.0 = Release|Any CPU
	EndGlobalSection
	GlobalSection(SolutionProperties) = preSolution
		HideSolutionNode = FALSE
	EndGlobalSection
	GlobalSection(ExtensibilityGlobals) = postSolution
		SolutionGuid = {DBC9F1CB-27F4-4B60-B566-F39294EA6680}
	EndGlobalSection
EndGlobal
