
Microsoft Visual Studio Solution File, Format Version 12.00
# Visual Studio Version 17
VisualStudioVersion = 17.3.32825.248
MinimumVisualStudioVersion = 10.0.40219.1
Project("{FAE04EC0-301F-11D3-BF4B-00C04F79EFBC}") = "mywebservice", "mywebservice.csproj", "{A762D9A9-9CA3-4236-8F22-9F0B696ECB81}"
EndProject
Global
	GlobalSection(SolutionConfigurationPlatforms) = preSolution
		Debug|Any CPU = Debug|Any CPU
		Release|Any CPU = Release|Any CPU
	EndGlobalSection
	GlobalSection(ProjectConfigurationPlatforms) = postSolution
		{A762D9A9-9CA3-4236-8F22-9F0B696ECB81}.Debug|Any CPU.ActiveCfg = Debug|Any CPU
		{A762D9A9-9CA3-4236-8F22-9F0B696ECB81}.Debug|Any CPU.Build.0 = Debug|Any CPU
		{A762D9A9-9CA3-4236-8F22-9F0B696ECB81}.Release|Any CPU.ActiveCfg = Release|Any CPU
		{A762D9A9-9CA3-4236-8F22-9F0B696ECB81}.Release|Any CPU.Build.0 = Release|Any CPU
	EndGlobalSection
	GlobalSection(SolutionProperties) = preSolution
		HideSolutionNode = FALSE
	EndGlobalSection
	GlobalSection(ExtensibilityGlobals) = postSolution
		SolutionGuid = {97A5AADD-581B-4561-9966-CE40FCE03F37}
	EndGlobalSection
EndGlobal
